# This file is automatically @generated by Cargo.
# It is not intended for manual editing.
version = 3

[[package]]
name = "inventory"
version = "0.3.13"
source = "registry+https://github.com/rust-lang/crates.io-index"
checksum = "0508c56cfe9bfd5dfeb0c22ab9a6abfda2f27bdca422132e494266351ed8d83c"

[[package]]
name = "my_rust"
version = "0.1.0"
dependencies = [
 "inventory",
]
